
Microsoft Visual Studio Solution File, Format Version 12.00
# Visual Studio Version 17
VisualStudioVersion = 17.2.32616.157
MinimumVisualStudioVersion = 10.0.40219.1
Project("{FAE04EC0-301F-11D3-BF4B-00C04F79EFBC}") = "ElectronicsStore", "ElectronicsStore.csproj", "{EC24D97E-FF9D-4354-9820-14A5CC37F357}"
EndProject
Global
	GlobalSection(SolutionConfigurationPlatforms) = preSolution
		Debug|Any CPU = Debug|Any CPU
		Release|Any CPU = Release|Any CPU
	EndGlobalSection
	GlobalSection(ProjectConfigurationPlatforms) = postSolution
		{EC24D97E-FF9D-4354-9820-14A5CC37F357}.Debug|Any CPU.ActiveCfg = Debug|Any CPU
		{EC24D97E-FF9D-4354-9820-14A5CC37F357}.Debug|Any CPU.Build.0 = Debug|Any CPU
		{EC24D97E-FF9D-4354-9820-14A5CC37F357}.Release|Any CPU.ActiveCfg = Release|Any CPU
		{EC24D97E-FF9D-4354-9820-14A5CC37F357}.Release|Any CPU.Build.0 = Release|Any CPU
	EndGlobalSection
	GlobalSection(SolutionProperties) = preSolution
		HideSolutionNode = FALSE
	EndGlobalSection
	GlobalSection(ExtensibilityGlobals) = postSolution
		SolutionGuid = {DF0F9103-5BB4-41D8-8AC4-EB0C9DDBBD1C}
	EndGlobalSection
EndGlobal
